
Microsoft Visual Studio Solution File, Format Version 12.00
# Visual Studio Version 16
VisualStudioVersion = 16.0.31702.278
MinimumVisualStudioVersion = 10.0.40219.1
Project("{9A19103F-16F7-4668-BE54-9A1E7A4F7556}") = "QRCodeGenerator", "QRCodeGenerator\QRCodeGenerator.csproj", "{CF20D71F-5927-4274-9710-7CE5C7F317FE}"
EndProject
Global
	GlobalSection(SolutionConfigurationPlatforms) = preSolution
		Debug|Any CPU = Debug|Any CPU
		Release|Any CPU = Release|Any CPU
	EndGlobalSection
	GlobalSection(ProjectConfigurationPlatforms) = postSolution
		{CF20D71F-5927-4274-9710-7CE5C7F317FE}.Debug|Any CPU.ActiveCfg = Debug|Any CPU
		{CF20D71F-5927-4274-9710-7CE5C7F317FE}.Debug|Any CPU.Build.0 = Debug|Any CPU
		{CF20D71F-5927-4274-9710-7CE5C7F317FE}.Release|Any CPU.ActiveCfg = Release|Any CPU
		{CF20D71F-5927-4274-9710-7CE5C7F317FE}.Release|Any CPU.Build.0 = Release|Any CPU
	EndGlobalSection
	GlobalSection(SolutionProperties) = preSolution
		HideSolutionNode = FALSE
	EndGlobalSection
	GlobalSection(ExtensibilityGlobals) = postSolution
		SolutionGuid = {C90F870A-4C08-41D2-B853-A8767ACE6E08}
	EndGlobalSection
EndGlobal
